
Microsoft Visual Studio Solution File, Format Version 12.00
# Visual Studio 15
VisualStudioVersion = 15.0.28307.329
MinimumVisualStudioVersion = 10.0.40219.1
Project("{2150E333-8FDC-42A3-9474-1A3956D46DE8}") = "Samples", "Samples", "{CC1F5E3E-CAF1-42EB-A1AE-7CB30D6FABEE}"
EndProject
Project("{9A19103F-16F7-4668-BE54-9A1E7A4F7556}") = "01 Inro", "Samples\01 Inro\01 Inro.csproj", "{B510ABFD-0F26-4B4D-A645-693DB9903C9C}"
EndProject
Project("{FAE04EC0-301F-11D3-BF4B-00C04F79EFBC}") = "02 Visual Sample", "02 Visual Sample\02 Visual Sample.csproj", "{C2F50A63-769E-495F-B49B-4567186DAF06}"
EndProject
Project("{FAE04EC0-301F-11D3-BF4B-00C04F79EFBC}") = "03 Drag Drop", "03 Drag Drop\03 Drag Drop.csproj", "{B58AEF37-643C-4945-AC39-260F59416668}"
EndProject
Project("{9A19103F-16F7-4668-BE54-9A1E7A4F7556}") = "04 Exception Handling", "samples\04 Exception Handling\04 Exception Handling.csproj", "{54113B64-B7B6-44BA-B3E7-9D716A2C76F3}"
EndProject
Project("{9A19103F-16F7-4668-BE54-9A1E7A4F7556}") = "05 Hot vs Cold", "samples\05 Hot vs Cold\05 Hot vs Cold.csproj", "{BAD11B73-DCC4-4C57-8F08-84F5DC0EF807}"
EndProject
Project("{9A19103F-16F7-4668-BE54-9A1E7A4F7556}") = "06 Hot Cold Pitfall", "samples\06 Hot Cold Pitfall\06 Hot Cold Pitfall.csproj", "{EA2277E5-F8E4-40EF-B2B9-BDF5681BC669}"
EndProject
Project("{9A19103F-16F7-4668-BE54-9A1E7A4F7556}") = "07 Publish Multi", "samples\07 Publish Multi\07 Publish Multi.csproj", "{80EA5688-71EA-479D-9127-89608187EC95}"
EndProject
Project("{9A19103F-16F7-4668-BE54-9A1E7A4F7556}") = "08 Subjects", "samples\08 Subjects\08 Subjects.csproj", "{60F7C83D-2DFB-49DD-BE3D-9D61BBDE00E7}"
EndProject
Project("{9A19103F-16F7-4668-BE54-9A1E7A4F7556}") = "09 Subject Mediator", "samples\09 Subject Mediator\09 Subject Mediator.csproj", "{C48B7774-9064-42A1-B4EE-2C48290E12E2}"
EndProject
Project("{2150E333-8FDC-42A3-9474-1A3956D46DE8}") = "More", "More", "{EC734A9D-A297-4004-BA0F-17F420D5D8F9}"
EndProject
Project("{FAE04EC0-301F-11D3-BF4B-00C04F79EFBC}") = "Select vs SelectAsync", "samples\more\Select vs SelectAsync\Select vs SelectAsync.csproj", "{C704709C-CAD4-4CA8-A21F-2E77AB43FB2A}"
EndProject
Project("{2150E333-8FDC-42A3-9474-1A3956D46DE8}") = "Exercises", "Exercises", "{1135A1DA-CA2A-49EE-A6F6-678794994D5F}"
EndProject
Project("{FAE04EC0-301F-11D3-BF4B-00C04F79EFBC}") = "01 UnPredictable", "Exercises\01 UnPredictable\01 UnPredictable.csproj", "{43534EA9-C7F8-4BC0-827D-A54A03ADD8A7}"
EndProject
Project("{FAE04EC0-301F-11D3-BF4B-00C04F79EFBC}") = "10 Replay", "samples\010\10 Replay.csproj", "{B7F6841F-EB99-40A7-96A0-6B2E69089CA3}"
EndProject
Project("{FAE04EC0-301F-11D3-BF4B-00C04F79EFBC}") = "02 Cond Cancel", "exercises\02 Cond Cancel\02 Cond Cancel.csproj", "{06CDEAE3-1D8D-4FD4-A86C-A74CAACDAE69}"
EndProject
Project("{FAE04EC0-301F-11D3-BF4B-00C04F79EFBC}") = "11 Buffer", "samples\11 Buffer\11 Buffer.csproj", "{BCA4EEEF-2054-4767-B32D-7B2055D5B6EA}"
EndProject
Project("{FAE04EC0-301F-11D3-BF4B-00C04F79EFBC}") = "12 Windows + Aggregate", "samples\12 Windows + Aggregate\12 Windows + Aggregate.csproj", "{1AB43349-0921-4BC5-84F1-C79DE2C74288}"
EndProject
Project("{FAE04EC0-301F-11D3-BF4B-00C04F79EFBC}") = "13 Custom Aggregation", "samples\13 Custom Aggregation\13 Custom Aggregation.csproj", "{479BB0CD-37C7-4594-BEB9-6A0B70375984}"
EndProject
Project("{FAE04EC0-301F-11D3-BF4B-00C04F79EFBC}") = "14 Scan", "samples\14 Scan\14 Scan.csproj", "{392C3688-997B-42C8-883A-C3E78A5B66D3}"
EndProject
Project("{FAE04EC0-301F-11D3-BF4B-00C04F79EFBC}") = "16 Groupby", "samples\16 Groupby\16 Groupby.csproj", "{DC81FEF4-3446-470A-8DF1-ADF81BAB509E}"
EndProject
Global
	GlobalSection(SolutionConfigurationPlatforms) = preSolution
		Debug|Any CPU = Debug|Any CPU
		Debug|x86 = Debug|x86
		Release|Any CPU = Release|Any CPU
		Release|x86 = Release|x86
	EndGlobalSection
	GlobalSection(ProjectConfigurationPlatforms) = postSolution
		{B510ABFD-0F26-4B4D-A645-693DB9903C9C}.Debug|Any CPU.ActiveCfg = Debug|Any CPU
		{B510ABFD-0F26-4B4D-A645-693DB9903C9C}.Debug|Any CPU.Build.0 = Debug|Any CPU
		{B510ABFD-0F26-4B4D-A645-693DB9903C9C}.Debug|x86.ActiveCfg = Debug|Any CPU
		{B510ABFD-0F26-4B4D-A645-693DB9903C9C}.Debug|x86.Build.0 = Debug|Any CPU
		{B510ABFD-0F26-4B4D-A645-693DB9903C9C}.Release|Any CPU.ActiveCfg = Release|Any CPU
		{B510ABFD-0F26-4B4D-A645-693DB9903C9C}.Release|Any CPU.Build.0 = Release|Any CPU
		{B510ABFD-0F26-4B4D-A645-693DB9903C9C}.Release|x86.ActiveCfg = Release|Any CPU
		{B510ABFD-0F26-4B4D-A645-693DB9903C9C}.Release|x86.Build.0 = Release|Any CPU
		{C2F50A63-769E-495F-B49B-4567186DAF06}.Debug|Any CPU.ActiveCfg = Debug|Any CPU
		{C2F50A63-769E-495F-B49B-4567186DAF06}.Debug|Any CPU.Build.0 = Debug|Any CPU
		{C2F50A63-769E-495F-B49B-4567186DAF06}.Debug|x86.ActiveCfg = Debug|Any CPU
		{C2F50A63-769E-495F-B49B-4567186DAF06}.Debug|x86.Build.0 = Debug|Any CPU
		{C2F50A63-769E-495F-B49B-4567186DAF06}.Release|Any CPU.ActiveCfg = Release|Any CPU
		{C2F50A63-769E-495F-B49B-4567186DAF06}.Release|Any CPU.Build.0 = Release|Any CPU
		{C2F50A63-769E-495F-B49B-4567186DAF06}.Release|x86.ActiveCfg = Release|Any CPU
		{C2F50A63-769E-495F-B49B-4567186DAF06}.Release|x86.Build.0 = Release|Any CPU
		{B58AEF37-643C-4945-AC39-260F59416668}.Debug|Any CPU.ActiveCfg = Debug|Any CPU
		{B58AEF37-643C-4945-AC39-260F59416668}.Debug|Any CPU.Build.0 = Debug|Any CPU
		{B58AEF37-643C-4945-AC39-260F59416668}.Debug|x86.ActiveCfg = Debug|Any CPU
		{B58AEF37-643C-4945-AC39-260F59416668}.Debug|x86.Build.0 = Debug|Any CPU
		{B58AEF37-643C-4945-AC39-260F59416668}.Release|Any CPU.ActiveCfg = Release|Any CPU
		{B58AEF37-643C-4945-AC39-260F59416668}.Release|Any CPU.Build.0 = Release|Any CPU
		{B58AEF37-643C-4945-AC39-260F59416668}.Release|x86.ActiveCfg = Release|Any CPU
		{B58AEF37-643C-4945-AC39-260F59416668}.Release|x86.Build.0 = Release|Any CPU
		{54113B64-B7B6-44BA-B3E7-9D716A2C76F3}.Debug|Any CPU.ActiveCfg = Debug|Any CPU
		{54113B64-B7B6-44BA-B3E7-9D716A2C76F3}.Debug|Any CPU.Build.0 = Debug|Any CPU
		{54113B64-B7B6-44BA-B3E7-9D716A2C76F3}.Debug|x86.ActiveCfg = Debug|Any CPU
		{54113B64-B7B6-44BA-B3E7-9D716A2C76F3}.Debug|x86.Build.0 = Debug|Any CPU
		{54113B64-B7B6-44BA-B3E7-9D716A2C76F3}.Release|Any CPU.ActiveCfg = Release|Any CPU
		{54113B64-B7B6-44BA-B3E7-9D716A2C76F3}.Release|Any CPU.Build.0 = Release|Any CPU
		{54113B64-B7B6-44BA-B3E7-9D716A2C76F3}.Release|x86.ActiveCfg = Release|Any CPU
		{54113B64-B7B6-44BA-B3E7-9D716A2C76F3}.Release|x86.Build.0 = Release|Any CPU
		{BAD11B73-DCC4-4C57-8F08-84F5DC0EF807}.Debug|Any CPU.ActiveCfg = Debug|Any CPU
		{BAD11B73-DCC4-4C57-8F08-84F5DC0EF807}.Debug|Any CPU.Build.0 = Debug|Any CPU
		{BAD11B73-DCC4-4C57-8F08-84F5DC0EF807}.Debug|x86.ActiveCfg = Debug|Any CPU
		{BAD11B73-DCC4-4C57-8F08-84F5DC0EF807}.Debug|x86.Build.0 = Debug|Any CPU
		{BAD11B73-DCC4-4C57-8F08-84F5DC0EF807}.Release|Any CPU.ActiveCfg = Release|Any CPU
		{BAD11B73-DCC4-4C57-8F08-84F5DC0EF807}.Release|Any CPU.Build.0 = Release|Any CPU
		{BAD11B73-DCC4-4C57-8F08-84F5DC0EF807}.Release|x86.ActiveCfg = Release|Any CPU
		{BAD11B73-DCC4-4C57-8F08-84F5DC0EF807}.Release|x86.Build.0 = Release|Any CPU
		{EA2277E5-F8E4-40EF-B2B9-BDF5681BC669}.Debug|Any CPU.ActiveCfg = Debug|Any CPU
		{EA2277E5-F8E4-40EF-B2B9-BDF5681BC669}.Debug|Any CPU.Build.0 = Debug|Any CPU
		{EA2277E5-F8E4-40EF-B2B9-BDF5681BC669}.Debug|x86.ActiveCfg = Debug|Any CPU
		{EA2277E5-F8E4-40EF-B2B9-BDF5681BC669}.Debug|x86.Build.0 = Debug|Any CPU
		{EA2277E5-F8E4-40EF-B2B9-BDF5681BC669}.Release|Any CPU.ActiveCfg = Release|Any CPU
		{EA2277E5-F8E4-40EF-B2B9-BDF5681BC669}.Release|Any CPU.Build.0 = Release|Any CPU
		{EA2277E5-F8E4-40EF-B2B9-BDF5681BC669}.Release|x86.ActiveCfg = Release|Any CPU
		{EA2277E5-F8E4-40EF-B2B9-BDF5681BC669}.Release|x86.Build.0 = Release|Any CPU
		{80EA5688-71EA-479D-9127-89608187EC95}.Debug|Any CPU.ActiveCfg = Debug|Any CPU
		{80EA5688-71EA-479D-9127-89608187EC95}.Debug|Any CPU.Build.0 = Debug|Any CPU
		{80EA5688-71EA-479D-9127-89608187EC95}.Debug|x86.ActiveCfg = Debug|Any CPU
		{80EA5688-71EA-479D-9127-89608187EC95}.Debug|x86.Build.0 = Debug|Any CPU
		{80EA5688-71EA-479D-9127-89608187EC95}.Release|Any CPU.ActiveCfg = Release|Any CPU
		{80EA5688-71EA-479D-9127-89608187EC95}.Release|Any CPU.Build.0 = Release|Any CPU
		{80EA5688-71EA-479D-9127-89608187EC95}.Release|x86.ActiveCfg = Release|Any CPU
		{80EA5688-71EA-479D-9127-89608187EC95}.Release|x86.Build.0 = Release|Any CPU
		{60F7C83D-2DFB-49DD-BE3D-9D61BBDE00E7}.Debug|Any CPU.ActiveCfg = Debug|Any CPU
		{60F7C83D-2DFB-49DD-BE3D-9D61BBDE00E7}.Debug|Any CPU.Build.0 = Debug|Any CPU
		{60F7C83D-2DFB-49DD-BE3D-9D61BBDE00E7}.Debug|x86.ActiveCfg = Debug|Any CPU
		{60F7C83D-2DFB-49DD-BE3D-9D61BBDE00E7}.Debug|x86.Build.0 = Debug|Any CPU
		{60F7C83D-2DFB-49DD-BE3D-9D61BBDE00E7}.Release|Any CPU.ActiveCfg = Release|Any CPU
		{60F7C83D-2DFB-49DD-BE3D-9D61BBDE00E7}.Release|Any CPU.Build.0 = Release|Any CPU
		{60F7C83D-2DFB-49DD-BE3D-9D61BBDE00E7}.Release|x86.ActiveCfg = Release|Any CPU
		{60F7C83D-2DFB-49DD-BE3D-9D61BBDE00E7}.Release|x86.Build.0 = Release|Any CPU
		{C48B7774-9064-42A1-B4EE-2C48290E12E2}.Debug|Any CPU.ActiveCfg = Debug|Any CPU
		{C48B7774-9064-42A1-B4EE-2C48290E12E2}.Debug|Any CPU.Build.0 = Debug|Any CPU
		{C48B7774-9064-42A1-B4EE-2C48290E12E2}.Debug|x86.ActiveCfg = Debug|Any CPU
		{C48B7774-9064-42A1-B4EE-2C48290E12E2}.Debug|x86.Build.0 = Debug|Any CPU
		{C48B7774-9064-42A1-B4EE-2C48290E12E2}.Release|Any CPU.ActiveCfg = Release|Any CPU
		{C48B7774-9064-42A1-B4EE-2C48290E12E2}.Release|Any CPU.Build.0 = Release|Any CPU
		{C48B7774-9064-42A1-B4EE-2C48290E12E2}.Release|x86.ActiveCfg = Release|Any CPU
		{C48B7774-9064-42A1-B4EE-2C48290E12E2}.Release|x86.Build.0 = Release|Any CPU
		{C704709C-CAD4-4CA8-A21F-2E77AB43FB2A}.Debug|Any CPU.ActiveCfg = Debug|Any CPU
		{C704709C-CAD4-4CA8-A21F-2E77AB43FB2A}.Debug|Any CPU.Build.0 = Debug|Any CPU
		{C704709C-CAD4-4CA8-A21F-2E77AB43FB2A}.Debug|x86.ActiveCfg = Debug|Any CPU
		{C704709C-CAD4-4CA8-A21F-2E77AB43FB2A}.Debug|x86.Build.0 = Debug|Any CPU
		{C704709C-CAD4-4CA8-A21F-2E77AB43FB2A}.Release|Any CPU.ActiveCfg = Release|Any CPU
		{C704709C-CAD4-4CA8-A21F-2E77AB43FB2A}.Release|Any CPU.Build.0 = Release|Any CPU
		{C704709C-CAD4-4CA8-A21F-2E77AB43FB2A}.Release|x86.ActiveCfg = Release|Any CPU
		{C704709C-CAD4-4CA8-A21F-2E77AB43FB2A}.Release|x86.Build.0 = Release|Any CPU
		{43534EA9-C7F8-4BC0-827D-A54A03ADD8A7}.Debug|Any CPU.ActiveCfg = Debug|Any CPU
		{43534EA9-C7F8-4BC0-827D-A54A03ADD8A7}.Debug|Any CPU.Build.0 = Debug|Any CPU
		{43534EA9-C7F8-4BC0-827D-A54A03ADD8A7}.Debug|x86.ActiveCfg = Debug|Any CPU
		{43534EA9-C7F8-4BC0-827D-A54A03ADD8A7}.Debug|x86.Build.0 = Debug|Any CPU
		{43534EA9-C7F8-4BC0-827D-A54A03ADD8A7}.Release|Any CPU.ActiveCfg = Release|Any CPU
		{43534EA9-C7F8-4BC0-827D-A54A03ADD8A7}.Release|Any CPU.Build.0 = Release|Any CPU
		{43534EA9-C7F8-4BC0-827D-A54A03ADD8A7}.Release|x86.ActiveCfg = Release|Any CPU
		{43534EA9-C7F8-4BC0-827D-A54A03ADD8A7}.Release|x86.Build.0 = Release|Any CPU
		{B7F6841F-EB99-40A7-96A0-6B2E69089CA3}.Debug|Any CPU.ActiveCfg = Debug|Any CPU
		{B7F6841F-EB99-40A7-96A0-6B2E69089CA3}.Debug|Any CPU.Build.0 = Debug|Any CPU
		{B7F6841F-EB99-40A7-96A0-6B2E69089CA3}.Debug|x86.ActiveCfg = Debug|Any CPU
		{B7F6841F-EB99-40A7-96A0-6B2E69089CA3}.Debug|x86.Build.0 = Debug|Any CPU
		{B7F6841F-EB99-40A7-96A0-6B2E69089CA3}.Release|Any CPU.ActiveCfg = Release|Any CPU
		{B7F6841F-EB99-40A7-96A0-6B2E69089CA3}.Release|Any CPU.Build.0 = Release|Any CPU
		{B7F6841F-EB99-40A7-96A0-6B2E69089CA3}.Release|x86.ActiveCfg = Release|Any CPU
		{B7F6841F-EB99-40A7-96A0-6B2E69089CA3}.Release|x86.Build.0 = Release|Any CPU
		{06CDEAE3-1D8D-4FD4-A86C-A74CAACDAE69}.Debug|Any CPU.ActiveCfg = Debug|Any CPU
		{06CDEAE3-1D8D-4FD4-A86C-A74CAACDAE69}.Debug|Any CPU.Build.0 = Debug|Any CPU
		{06CDEAE3-1D8D-4FD4-A86C-A74CAACDAE69}.Debug|x86.ActiveCfg = Debug|Any CPU
		{06CDEAE3-1D8D-4FD4-A86C-A74CAACDAE69}.Debug|x86.Build.0 = Debug|Any CPU
		{06CDEAE3-1D8D-4FD4-A86C-A74CAACDAE69}.Release|Any CPU.ActiveCfg = Release|Any CPU
		{06CDEAE3-1D8D-4FD4-A86C-A74CAACDAE69}.Release|Any CPU.Build.0 = Release|Any CPU
		{06CDEAE3-1D8D-4FD4-A86C-A74CAACDAE69}.Release|x86.ActiveCfg = Release|Any CPU
		{06CDEAE3-1D8D-4FD4-A86C-A74CAACDAE69}.Release|x86.Build.0 = Release|Any CPU
		{BCA4EEEF-2054-4767-B32D-7B2055D5B6EA}.Debug|Any CPU.ActiveCfg = Debug|Any CPU
		{BCA4EEEF-2054-4767-B32D-7B2055D5B6EA}.Debug|Any CPU.Build.0 = Debug|Any CPU
		{BCA4EEEF-2054-4767-B32D-7B2055D5B6EA}.Debug|x86.ActiveCfg = Debug|Any CPU
		{BCA4EEEF-2054-4767-B32D-7B2055D5B6EA}.Debug|x86.Build.0 = Debug|Any CPU
		{BCA4EEEF-2054-4767-B32D-7B2055D5B6EA}.Release|Any CPU.ActiveCfg = Release|Any CPU
		{BCA4EEEF-2054-4767-B32D-7B2055D5B6EA}.Release|Any CPU.Build.0 = Release|Any CPU
		{BCA4EEEF-2054-4767-B32D-7B2055D5B6EA}.Release|x86.ActiveCfg = Release|Any CPU
		{BCA4EEEF-2054-4767-B32D-7B2055D5B6EA}.Release|x86.Build.0 = Release|Any CPU
		{1AB43349-0921-4BC5-84F1-C79DE2C74288}.Debug|Any CPU.ActiveCfg = Debug|Any CPU
		{1AB43349-0921-4BC5-84F1-C79DE2C74288}.Debug|Any CPU.Build.0 = Debug|Any CPU
		{1AB43349-0921-4BC5-84F1-C79DE2C74288}.Debug|x86.ActiveCfg = Debug|Any CPU
		{1AB43349-0921-4BC5-84F1-C79DE2C74288}.Debug|x86.Build.0 = Debug|Any CPU
		{1AB43349-0921-4BC5-84F1-C79DE2C74288}.Release|Any CPU.ActiveCfg = Release|Any CPU
		{1AB43349-0921-4BC5-84F1-C79DE2C74288}.Release|Any CPU.Build.0 = Release|Any CPU
		{1AB43349-0921-4BC5-84F1-C79DE2C74288}.Release|x86.ActiveCfg = Release|Any CPU
		{1AB43349-0921-4BC5-84F1-C79DE2C74288}.Release|x86.Build.0 = Release|Any CPU
		{479BB0CD-37C7-4594-BEB9-6A0B70375984}.Debug|Any CPU.ActiveCfg = Debug|Any CPU
		{479BB0CD-37C7-4594-BEB9-6A0B70375984}.Debug|Any CPU.Build.0 = Debug|Any CPU
		{479BB0CD-37C7-4594-BEB9-6A0B70375984}.Debug|x86.ActiveCfg = Debug|Any CPU
		{479BB0CD-37C7-4594-BEB9-6A0B70375984}.Debug|x86.Build.0 = Debug|Any CPU
		{479BB0CD-37C7-4594-BEB9-6A0B70375984}.Release|Any CPU.ActiveCfg = Release|Any CPU
		{479BB0CD-37C7-4594-BEB9-6A0B70375984}.Release|Any CPU.Build.0 = Release|Any CPU
		{479BB0CD-37C7-4594-BEB9-6A0B70375984}.Release|x86.ActiveCfg = Release|Any CPU
		{479BB0CD-37C7-4594-BEB9-6A0B70375984}.Release|x86.Build.0 = Release|Any CPU
		{392C3688-997B-42C8-883A-C3E78A5B66D3}.Debug|Any CPU.ActiveCfg = Debug|Any CPU
		{392C3688-997B-42C8-883A-C3E78A5B66D3}.Debug|Any CPU.Build.0 = Debug|Any CPU
		{392C3688-997B-42C8-883A-C3E78A5B66D3}.Debug|x86.ActiveCfg = Debug|Any CPU
		{392C3688-997B-42C8-883A-C3E78A5B66D3}.Debug|x86.Build.0 = Debug|Any CPU
		{392C3688-997B-42C8-883A-C3E78A5B66D3}.Release|Any CPU.ActiveCfg = Release|Any CPU
		{392C3688-997B-42C8-883A-C3E78A5B66D3}.Release|Any CPU.Build.0 = Release|Any CPU
		{392C3688-997B-42C8-883A-C3E78A5B66D3}.Release|x86.ActiveCfg = Release|Any CPU
		{392C3688-997B-42C8-883A-C3E78A5B66D3}.Release|x86.Build.0 = Release|Any CPU
		{DC81FEF4-3446-470A-8DF1-ADF81BAB509E}.Debug|Any CPU.ActiveCfg = Debug|Any CPU
		{DC81FEF4-3446-470A-8DF1-ADF81BAB509E}.Debug|Any CPU.Build.0 = Debug|Any CPU
		{DC81FEF4-3446-470A-8DF1-ADF81BAB509E}.Debug|x86.ActiveCfg = Debug|Any CPU
		{DC81FEF4-3446-470A-8DF1-ADF81BAB509E}.Debug|x86.Build.0 = Debug|Any CPU
		{DC81FEF4-3446-470A-8DF1-ADF81BAB509E}.Release|Any CPU.ActiveCfg = Release|Any CPU
		{DC81FEF4-3446-470A-8DF1-ADF81BAB509E}.Release|Any CPU.Build.0 = Release|Any CPU
		{DC81FEF4-3446-470A-8DF1-ADF81BAB509E}.Release|x86.ActiveCfg = Release|Any CPU
		{DC81FEF4-3446-470A-8DF1-ADF81BAB509E}.Release|x86.Build.0 = Release|Any CPU
	EndGlobalSection
	GlobalSection(SolutionProperties) = preSolution
		HideSolutionNode = FALSE
	EndGlobalSection
	GlobalSection(NestedProjects) = preSolution
		{B510ABFD-0F26-4B4D-A645-693DB9903C9C} = {CC1F5E3E-CAF1-42EB-A1AE-7CB30D6FABEE}
		{C2F50A63-769E-495F-B49B-4567186DAF06} = {CC1F5E3E-CAF1-42EB-A1AE-7CB30D6FABEE}
		{B58AEF37-643C-4945-AC39-260F59416668} = {CC1F5E3E-CAF1-42EB-A1AE-7CB30D6FABEE}
		{54113B64-B7B6-44BA-B3E7-9D716A2C76F3} = {CC1F5E3E-CAF1-42EB-A1AE-7CB30D6FABEE}
		{BAD11B73-DCC4-4C57-8F08-84F5DC0EF807} = {CC1F5E3E-CAF1-42EB-A1AE-7CB30D6FABEE}
		{EA2277E5-F8E4-40EF-B2B9-BDF5681BC669} = {CC1F5E3E-CAF1-42EB-A1AE-7CB30D6FABEE}
		{80EA5688-71EA-479D-9127-89608187EC95} = {CC1F5E3E-CAF1-42EB-A1AE-7CB30D6FABEE}
		{60F7C83D-2DFB-49DD-BE3D-9D61BBDE00E7} = {CC1F5E3E-CAF1-42EB-A1AE-7CB30D6FABEE}
		{C48B7774-9064-42A1-B4EE-2C48290E12E2} = {CC1F5E3E-CAF1-42EB-A1AE-7CB30D6FABEE}
		{EC734A9D-A297-4004-BA0F-17F420D5D8F9} = {CC1F5E3E-CAF1-42EB-A1AE-7CB30D6FABEE}
		{C704709C-CAD4-4CA8-A21F-2E77AB43FB2A} = {EC734A9D-A297-4004-BA0F-17F420D5D8F9}
		{43534EA9-C7F8-4BC0-827D-A54A03ADD8A7} = {1135A1DA-CA2A-49EE-A6F6-678794994D5F}
		{B7F6841F-EB99-40A7-96A0-6B2E69089CA3} = {CC1F5E3E-CAF1-42EB-A1AE-7CB30D6FABEE}
		{06CDEAE3-1D8D-4FD4-A86C-A74CAACDAE69} = {1135A1DA-CA2A-49EE-A6F6-678794994D5F}
		{BCA4EEEF-2054-4767-B32D-7B2055D5B6EA} = {CC1F5E3E-CAF1-42EB-A1AE-7CB30D6FABEE}
		{1AB43349-0921-4BC5-84F1-C79DE2C74288} = {CC1F5E3E-CAF1-42EB-A1AE-7CB30D6FABEE}
		{479BB0CD-37C7-4594-BEB9-6A0B70375984} = {CC1F5E3E-CAF1-42EB-A1AE-7CB30D6FABEE}
		{392C3688-997B-42C8-883A-C3E78A5B66D3} = {CC1F5E3E-CAF1-42EB-A1AE-7CB30D6FABEE}
		{DC81FEF4-3446-470A-8DF1-ADF81BAB509E} = {CC1F5E3E-CAF1-42EB-A1AE-7CB30D6FABEE}
	EndGlobalSection
	GlobalSection(ExtensibilityGlobals) = postSolution
		SolutionGuid = {C3175D05-4973-4384-99A2-2E759FE21E15}
	EndGlobalSection
EndGlobal
